
Microsoft Visual Studio Solution File, Format Version 12.00
# Visual Studio Version 16
VisualStudioVersion = 16.0.30907.101
MinimumVisualStudioVersion = 10.0.40219.1
Project("{9A19103F-16F7-4668-BE54-9A1E7A4F7556}") = "KampIntro", "KampIntro\KampIntro.csproj", "{A0C50A48-317A-4FE3-A654-0CF9BFD62316}"
EndProject
Project("{9A19103F-16F7-4668-BE54-9A1E7A4F7556}") = "Donguler", "Donguler\Donguler.csproj", "{77DB39DF-C64E-457C-BD34-5191320FDECF}"
EndProject
Project("{9A19103F-16F7-4668-BE54-9A1E7A4F7556}") = "ClassIntro", "ClassIntro\ClassIntro.csproj", "{63EB7D46-F06A-46B0-BB2E-6277FEC28CD7}"
EndProject
Project("{FAE04EC0-301F-11D3-BF4B-00C04F79EFBC}") = "Metotlar", "Metotlar\Metotlar.csproj", "{1C26ED36-6EF4-481A-AC3B-BEFDECE73565}"
EndProject
Project("{FAE04EC0-301F-11D3-BF4B-00C04F79EFBC}") = "Matematik", "Matematik\Matematik.csproj", "{C58D85C3-E095-478E-B7A3-7D101856F66B}"
EndProject
Project("{FAE04EC0-301F-11D3-BF4B-00C04F79EFBC}") = "DegerVeReferansTipler", "DegerVeReferansTipler\DegerVeReferansTipler.csproj", "{9C8C9BC1-59CB-4CED-804C-154CCD8C9F60}"
EndProject
Global
	GlobalSection(SolutionConfigurationPlatforms) = preSolution
		Debug|Any CPU = Debug|Any CPU
		Release|Any CPU = Release|Any CPU
	EndGlobalSection
	GlobalSection(ProjectConfigurationPlatforms) = postSolution
		{A0C50A48-317A-4FE3-A654-0CF9BFD62316}.Debug|Any CPU.ActiveCfg = Debug|Any CPU
		{A0C50A48-317A-4FE3-A654-0CF9BFD62316}.Debug|Any CPU.Build.0 = Debug|Any CPU
		{A0C50A48-317A-4FE3-A654-0CF9BFD62316}.Release|Any CPU.ActiveCfg = Release|Any CPU
		{A0C50A48-317A-4FE3-A654-0CF9BFD62316}.Release|Any CPU.Build.0 = Release|Any CPU
		{77DB39DF-C64E-457C-BD34-5191320FDECF}.Debug|Any CPU.ActiveCfg = Debug|Any CPU
		{77DB39DF-C64E-457C-BD34-5191320FDECF}.Debug|Any CPU.Build.0 = Debug|Any CPU
		{77DB39DF-C64E-457C-BD34-5191320FDECF}.Release|Any CPU.ActiveCfg = Release|Any CPU
		{77DB39DF-C64E-457C-BD34-5191320FDECF}.Release|Any CPU.Build.0 = Release|Any CPU
		{63EB7D46-F06A-46B0-BB2E-6277FEC28CD7}.Debug|Any CPU.ActiveCfg = Debug|Any CPU
		{63EB7D46-F06A-46B0-BB2E-6277FEC28CD7}.Debug|Any CPU.Build.0 = Debug|Any CPU
		{63EB7D46-F06A-46B0-BB2E-6277FEC28CD7}.Release|Any CPU.ActiveCfg = Release|Any CPU
		{63EB7D46-F06A-46B0-BB2E-6277FEC28CD7}.Release|Any CPU.Build.0 = Release|Any CPU
		{1C26ED36-6EF4-481A-AC3B-BEFDECE73565}.Debug|Any CPU.ActiveCfg = Debug|Any CPU
		{1C26ED36-6EF4-481A-AC3B-BEFDECE73565}.Debug|Any CPU.Build.0 = Debug|Any CPU
		{1C26ED36-6EF4-481A-AC3B-BEFDECE73565}.Release|Any CPU.ActiveCfg = Release|Any CPU
		{1C26ED36-6EF4-481A-AC3B-BEFDECE73565}.Release|Any CPU.Build.0 = Release|Any CPU
		{C58D85C3-E095-478E-B7A3-7D101856F66B}.Debug|Any CPU.ActiveCfg = Debug|Any CPU
		{C58D85C3-E095-478E-B7A3-7D101856F66B}.Debug|Any CPU.Build.0 = Debug|Any CPU
		{C58D85C3-E095-478E-B7A3-7D101856F66B}.Release|Any CPU.ActiveCfg = Release|Any CPU
		{C58D85C3-E095-478E-B7A3-7D101856F66B}.Release|Any CPU.Build.0 = Release|Any CPU
		{9C8C9BC1-59CB-4CED-804C-154CCD8C9F60}.Debug|Any CPU.ActiveCfg = Debug|Any CPU
		{9C8C9BC1-59CB-4CED-804C-154CCD8C9F60}.Debug|Any CPU.Build.0 = Debug|Any CPU
		{9C8C9BC1-59CB-4CED-804C-154CCD8C9F60}.Release|Any CPU.ActiveCfg = Release|Any CPU
		{9C8C9BC1-59CB-4CED-804C-154CCD8C9F60}.Release|Any CPU.Build.0 = Release|Any CPU
	EndGlobalSection
	GlobalSection(SolutionProperties) = preSolution
		HideSolutionNode = FALSE
	EndGlobalSection
	GlobalSection(ExtensibilityGlobals) = postSolution
		SolutionGuid = {AEA209D4-7B5A-44EE-8660-8DC4809EAD1A}
	EndGlobalSection
EndGlobal
